// !$*UTF8*$!
{
	archiveVersion = 1;
	classes = {
	};
	objectVersion = 48;
	objects = {

/* Begin PBXBuildFile section */
		C3C862FA1B49ED49B4A85B72 /* Pods_ChanelDemo.framework in Frameworks */ = {isa = PBXBuildFile; fileRef = DC6A040E90D8828870A5CB45 /* Pods_ChanelDemo.framework */; };
		ED3452A12021682300A04BCB /* AppDelegate.swift in Sources */ = {isa = PBXBuildFile; fileRef = ED3452A02021682300A04BCB /* AppDelegate.swift */; };
		ED3452A82021682300A04BCB /* Assets.xcassets in Resources */ = {isa = PBXBuildFile; fileRef = ED3452A72021682300A04BCB /* Assets.xcassets */; };
		ED3452AB2021682300A04BCB /* LaunchScreen.storyboard in Resources */ = {isa = PBXBuildFile; fileRef = ED3452A92021682300A04BCB /* LaunchScreen.storyboard */; };
		ED3452B32021684F00A04BCB /* Const.swift in Sources */ = {isa = PBXBuildFile; fileRef = ED3452B22021684F00A04BCB /* Const.swift */; };
		ED3452B5202168FF00A04BCB /* ChanelViewController.swift in Sources */ = {isa = PBXBuildFile; fileRef = ED3452B4202168FF00A04BCB /* ChanelViewController.swift */; };
		ED3452B820216A1000A04BCB /* ChanelFlowLayout.swift in Sources */ = {isa = PBXBuildFile; fileRef = ED3452B620216A1000A04BCB /* ChanelFlowLayout.swift */; };
		ED3452B920216A1000A04BCB /* ChanelCollectionViewCell.swift in Sources */ = {isa = PBXBuildFile; fileRef = ED3452B720216A1000A04BCB /* ChanelCollectionViewCell.swift */; };
/* End PBXBuildFile section */

/* Begin PBXFileReference section */
		08DD35B45865F8424205115A /* Pods-ChanelDemo.debug.xcconfig */ = {isa = PBXFileReference; includeInIndex = 1; lastKnownFileType = text.xcconfig; name = "Pods-ChanelDemo.debug.xcconfig"; path = "Pods/Target Support Files/Pods-ChanelDemo/Pods-ChanelDemo.debug.xcconfig"; sourceTree = "<group>"; };
		50F506CB31205B196C9FD436 /* Pods-ChanelDemo.release.xcconfig */ = {isa = PBXFileReference; includeInIndex = 1; lastKnownFileType = text.xcconfig; name = "Pods-ChanelDemo.release.xcconfig"; path = "Pods/Target Support Files/Pods-ChanelDemo/Pods-ChanelDemo.release.xcconfig"; sourceTree = "<group>"; };
		DC6A040E90D8828870A5CB45 /* Pods_ChanelDemo.framework */ = {isa = PBXFileReference; explicitFileType = wrapper.framework; includeInIndex = 0; path = Pods_ChanelDemo.framework; sourceTree = BUILT_PRODUCTS_DIR; };
		ED34529D2021682300A04BCB /* ChanelDemo.app */ = {isa = PBXFileReference; explicitFileType = wrapper.application; includeInIndex = 0; path = ChanelDemo.app; sourceTree = BUILT_PRODUCTS_DIR; };
		ED3452A02021682300A04BCB /* AppDelegate.swift */ = {isa = PBXFileReference; lastKnownFileType = sourcecode.swift; path = AppDelegate.swift; sourceTree = "<group>"; };
		ED3452A72021682300A04BCB /* Assets.xcassets */ = {isa = PBXFileReference; lastKnownFileType = folder.assetcatalog; path = Assets.xcassets; sourceTree = "<group>"; };
		ED3452AA2021682300A04BCB /* Base */ = {isa = PBXFileReference; lastKnownFileType = file.storyboard; name = Base; path = Base.lproj/LaunchScreen.storyboard; sourceTree = "<group>"; };
		ED3452AC2021682300A04BCB /* Info.plist */ = {isa = PBXFileReference; lastKnownFileType = text.plist.xml; path = Info.plist; sourceTree = "<group>"; };
		ED3452B22021684F00A04BCB /* Const.swift */ = {isa = PBXFileReference; lastKnownFileType = sourcecode.swift; path = Const.swift; sourceTree = "<group>"; };
		ED3452B4202168FF00A04BCB /* ChanelViewController.swift */ = {isa = PBXFileReference; lastKnownFileType = sourcecode.swift; path = ChanelViewController.swift; sourceTree = "<group>"; };
		ED3452B620216A1000A04BCB /* ChanelFlowLayout.swift */ = {isa = PBXFileReference; fileEncoding = 4; lastKnownFileType = sourcecode.swift; path = ChanelFlowLayout.swift; sourceTree = "<group>"; };
		ED3452B720216A1000A04BCB /* ChanelCollectionViewCell.swift */ = {isa = PBXFileReference; fileEncoding = 4; lastKnownFileType = sourcecode.swift; path = ChanelCollectionViewCell.swift; sourceTree = "<group>"; };
/* End PBXFileReference section */

/* Begin PBXFrameworksBuildPhase section */
		ED34529A2021682300A04BCB /* Frameworks */ = {
			isa = PBXFrameworksBuildPhase;
			buildActionMask = 2147483647;
			files = (
				C3C862FA1B49ED49B4A85B72 /* Pods_ChanelDemo.framework in Frameworks */,
			);
			runOnlyForDeploymentPostprocessing = 0;
		};
/* End PBXFrameworksBuildPhase section */

/* Begin PBXGroup section */
		9CD07A9304FF084B3B6D3866 /* Frameworks */ = {
			isa = PBXGroup;
			children = (
				DC6A040E90D8828870A5CB45 /* Pods_ChanelDemo.framework */,
			);
			name = Frameworks;
			sourceTree = "<group>";
		};
		B4B9758A43D69E052BA9E768 /* Pods */ = {
			isa = PBXGroup;
			children = (
				08DD35B45865F8424205115A /* Pods-ChanelDemo.debug.xcconfig */,
				50F506CB31205B196C9FD436 /* Pods-ChanelDemo.release.xcconfig */,
			);
			name = Pods;
			sourceTree = "<group>";
		};
		ED3452942021682300A04BCB = {
			isa = PBXGroup;
			children = (
				ED34529F2021682300A04BCB /* ChanelDemo */,
				ED34529E2021682300A04BCB /* Products */,
				B4B9758A43D69E052BA9E768 /* Pods */,
				9CD07A9304FF084B3B6D3866 /* Frameworks */,
			);
			sourceTree = "<group>";
		};
		ED34529E2021682300A04BCB /* Products */ = {
			isa = PBXGroup;
			children = (
				ED34529D2021682300A04BCB /* ChanelDemo.app */,
			);
			name = Products;
			sourceTree = "<group>";
		};
		ED34529F2021682300A04BCB /* ChanelDemo */ = {
			isa = PBXGroup;
			children = (
				ED3452A02021682300A04BCB /* AppDelegate.swift */,
				ED3452B720216A1000A04BCB /* ChanelCollectionViewCell.swift */,
				ED3452B620216A1000A04BCB /* ChanelFlowLayout.swift */,
				ED3452B22021684F00A04BCB /* Const.swift */,
				ED3452B4202168FF00A04BCB /* ChanelViewController.swift */,
				ED3452A72021682300A04BCB /* Assets.xcassets */,
				ED3452A92021682300A04BCB /* LaunchScreen.storyboard */,
				ED3452AC2021682300A04BCB /* Info.plist */,
			);
			path = ChanelDemo;
			sourceTree = "<group>";
		};
/* End PBXGroup section */

/* Begin PBXNativeTarget section */
		ED34529C2021682300A04BCB /* ChanelDemo */ = {
			isa = PBXNativeTarget;
			buildConfigurationList = ED3452AF2021682300A04BCB /* Build configuration list for PBXNativeTarget "ChanelDemo" */;
			buildPhases = (
				2316881EA5A8F8240F924BF0 /* [CP] Check Pods Manifest.lock */,
				ED3452992021682300A04BCB /* Sources */,
				ED34529A2021682300A04BCB /* Frameworks */,
				ED34529B2021682300A04BCB /* Resources */,
				8192598D463ED9138E90B463 /* [CP] Embed Pods Frameworks */,
				60577CB9DF468AFEFBBE8684 /* [CP] Copy Pods Resources */,
			);
			buildRules = (
			);
			dependencies = (
			);
			name = ChanelDemo;
			productName = ChanelDemo;
			productReference = ED34529D2021682300A04BCB /* ChanelDemo.app */;
			productType = "com.apple.product-type.application";
		};
/* End PBXNativeTarget section */

/* Begin PBXProject section */
		ED3452952021682300A04BCB /* Project object */ = {
			isa = PBXProject;
			attributes = {
				LastSwiftUpdateCheck = 0920;
				LastUpgradeCheck = 0920;
				ORGANIZATIONNAME = eLab;
				TargetAttributes = {
					ED34529C2021682300A04BCB = {
						CreatedOnToolsVersion = 9.2;
						ProvisioningStyle = Automatic;
					};
				};
			};
			buildConfigurationList = ED3452982021682300A04BCB /* Build configuration list for PBXProject "ChanelDemo" */;
			compatibilityVersion = "Xcode 8.0";
			developmentRegion = en;
			hasScannedForEncodings = 0;
			knownRegions = (
				en,
				Base,
			);
			mainGroup = ED3452942021682300A04BCB;
			productRefGroup = ED34529E2021682300A04BCB /* Products */;
			projectDirPath = "";
			projectRoot = "";
			targets = (
				ED34529C2021682300A04BCB /* ChanelDemo */,
			);
		};
/* End PBXProject section */

/* Begin PBXResourcesBuildPhase section */
		ED34529B2021682300A04BCB /* Resources */ = {
			isa = PBXResourcesBuildPhase;
			buildActionMask = 2147483647;
			files = (
				ED3452AB2021682300A04BCB /* LaunchScreen.storyboard in Resources */,
				ED3452A82021682300A04BCB /* Assets.xcassets in Resources */,
			);
			runOnlyForDeploymentPostprocessing = 0;
		};
/* End PBXResourcesBuildPhase section */

/* Begin PBXShellScriptBuildPhase section */
		2316881EA5A8F8240F924BF0 /* [CP] Check Pods Manifest.lock */ = {
			isa = PBXShellScriptBuildPhase;
			buildActionMask = 2147483647;
			files = (
			);
			inputPaths = (
			);
			name = "[CP] Check Pods Manifest.lock";
			outputPaths = (
			);
			runOnlyForDeploymentPostprocessing = 0;
			shellPath = /bin/sh;
			shellScript = "diff \"${PODS_ROOT}/../Podfile.lock\" \"${PODS_ROOT}/Manifest.lock\" > /dev/null\nif [ $? != 0 ] ; then\n    # print error to STDERR\n    echo \"error: The sandbox is not in sync with the Podfile.lock. Run 'pod install' or update your CocoaPods installation.\" >&2\n    exit 1\nfi\n";
			showEnvVarsInLog = 0;
		};
		60577CB9DF468AFEFBBE8684 /* [CP] Copy Pods Resources */ = {
			isa = PBXShellScriptBuildPhase;
			buildActionMask = 2147483647;
			files = (
			);
			inputPaths = (
			);
			name = "[CP] Copy Pods Resources";
			outputPaths = (
			);
			runOnlyForDeploymentPostprocessing = 0;
			shellPath = /bin/sh;
			shellScript = "\"${SRCROOT}/Pods/Target Support Files/Pods-ChanelDemo/Pods-ChanelDemo-resources.sh\"\n";
			showEnvVarsInLog = 0;
		};
		8192598D463ED9138E90B463 /* [CP] Embed Pods Frameworks */ = {
			isa = PBXShellScriptBuildPhase;
			buildActionMask = 2147483647;
			files = (
			);
			inputPaths = (
			);
			name = "[CP] Embed Pods Frameworks";
			outputPaths = (
			);
			runOnlyForDeploymentPostprocessing = 0;
			shellPath = /bin/sh;
			shellScript = "\"${SRCROOT}/Pods/Target Support Files/Pods-ChanelDemo/Pods-ChanelDemo-frameworks.sh\"\n";
			showEnvVarsInLog = 0;
		};
/* End PBXShellScriptBuildPhase section */

/* Begin PBXSourcesBuildPhase section */
		ED3452992021682300A04BCB /* Sources */ = {
			isa = PBXSourcesBuildPhase;
			buildActionMask = 2147483647;
			files = (
				ED3452A12021682300A04BCB /* AppDelegate.swift in Sources */,
				ED3452B5202168FF00A04BCB /* ChanelViewController.swift in Sources */,
				ED3452B32021684F00A04BCB /* Const.swift in Sources */,
				ED3452B820216A1000A04BCB /* ChanelFlowLayout.swift in Sources */,
				ED3452B920216A1000A04BCB /* ChanelCollectionViewCell.swift in Sources */,
			);
			runOnlyForDeploymentPostprocessing = 0;
		};
/* End PBXSourcesBuildPhase section */

/* Begin PBXVariantGroup section */
		ED3452A92021682300A04BCB /* LaunchScreen.storyboard */ = {
			isa = PBXVariantGroup;
			children = (
				ED3452AA2021682300A04BCB /* Base */,
			);
			name = LaunchScreen.storyboard;
			sourceTree = "<group>";
		};
/* End PBXVariantGroup section */

/* Begin XCBuildConfiguration section */
		ED3452AD2021682300A04BCB /* Debug */ = {
			isa = XCBuildConfiguration;
			buildSettings = {
				ALWAYS_SEARCH_USER_PATHS = NO;
				CLANG_ANALYZER_NONNULL = YES;
				CLANG_ANALYZER_NUMBER_OBJECT_CONVERSION = YES_AGGRESSIVE;
				CLANG_CXX_LANGUAGE_STANDARD = "gnu++14";
				CLANG_CXX_LIBRARY = "libc++";
				CLANG_ENABLE_MODULES = YES;
				CLANG_ENABLE_OBJC_ARC = YES;
				CLANG_WARN_BLOCK_CAPTURE_AUTORELEASING = YES;
				CLANG_WARN_BOOL_CONVERSION = YES;
				CLANG_WARN_COMMA = YES;
				CLANG_WARN_CONSTANT_CONVERSION = YES;
				CLANG_WARN_DIRECT_OBJC_ISA_USAGE = YES_ERROR;
				CLANG_WARN_DOCUMENTATION_COMMENTS = YES;
				CLANG_WARN_EMPTY_BODY = YES;
				CLANG_WARN_ENUM_CONVERSION = YES;
				CLANG_WARN_INFINITE_RECURSION = YES;
				CLANG_WARN_INT_CONVERSION = YES;
				CLANG_WARN_NON_LITERAL_NULL_CONVERSION = YES;
				CLANG_WARN_OBJC_LITERAL_CONVERSION = YES;
				CLANG_WARN_OBJC_ROOT_CLASS = YES_ERROR;
				CLANG_WARN_RANGE_LOOP_ANALYSIS = YES;
				CLANG_WARN_STRICT_PROTOTYPES = YES;
				CLANG_WARN_SUSPICIOUS_MOVE = YES;
				CLANG_WARN_UNGUARDED_AVAILABILITY = YES_AGGRESSIVE;
				CLANG_WARN_UNREACHABLE_CODE = YES;
				CLANG_WARN__DUPLICATE_METHOD_MATCH = YES;
				CODE_SIGN_IDENTITY = "iPhone Developer";
				COPY_PHASE_STRIP = NO;
				DEBUG_INFORMATION_FORMAT = dwarf;
				ENABLE_STRICT_OBJC_MSGSEND = YES;
				ENABLE_TESTABILITY = YES;
				GCC_C_LANGUAGE_STANDARD = gnu11;
				GCC_DYNAMIC_NO_PIC = NO;
				GCC_NO_COMMON_BLOCKS = YES;
				GCC_OPTIMIZATION_LEVEL = 0;
				GCC_PREPROCESSOR_DEFINITIONS = (
					"DEBUG=1",
					"$(inherited)",
				);
				GCC_WARN_64_TO_32_BIT_CONVERSION = YES;
				GCC_WARN_ABOUT_RETURN_TYPE = YES_ERROR;
				GCC_WARN_UNDECLARED_SELECTOR = YES;
				GCC_WARN_UNINITIALIZED_AUTOS = YES_AGGRESSIVE;
				GCC_WARN_UNUSED_FUNCTION = YES;
				GCC_WARN_UNUSED_VARIABLE = YES;
				IPHONEOS_DEPLOYMENT_TARGET = 11.2;
				MTL_ENABLE_DEBUG_INFO = YES;
				ONLY_ACTIVE_ARCH = YES;
				SDKROOT = iphoneos;
				SWIFT_ACTIVE_COMPILATION_CONDITIONS = DEBUG;
				SWIFT_OPTIMIZATION_LEVEL = "-Onone";
			};
			name = Debug;
		};
		ED3452AE2021682300A04BCB /* Release */ = {
			isa = XCBuildConfiguration;
			buildSettings = {
				ALWAYS_SEARCH_USER_PATHS = NO;
				CLANG_ANALYZER_NONNULL = YES;
				CLANG_ANALYZER_NUMBER_OBJECT_CONVERSION = YES_AGGRESSIVE;
				CLANG_CXX_LANGUAGE_STANDARD = "gnu++14";
				CLANG_CXX_LIBRARY = "libc++";
				CLANG_ENABLE_MODULES = YES;
				CLANG_ENABLE_OBJC_ARC = YES;
				CLANG_WARN_BLOCK_CAPTURE_AUTORELEASING = YES;
				CLANG_WARN_BOOL_CONVERSION = YES;
				CLANG_WARN_COMMA = YES;
				CLANG_WARN_CONSTANT_CONVERSION = YES;
				CLANG_WARN_DIRECT_OBJC_ISA_USAGE = YES_ERROR;
				CLANG_WARN_DOCUMENTATION_COMMENTS = YES;
				CLANG_WARN_EMPTY_BODY = YES;
				CLANG_WARN_ENUM_CONVERSION = YES;
				CLANG_WARN_INFINITE_RECURSION = YES;
				CLANG_WARN_INT_CONVERSION = YES;
				CLANG_WARN_NON_LITERAL_NULL_CONVERSION = YES;
				CLANG_WARN_OBJC_LITERAL_CONVERSION = YES;
				CLANG_WARN_OBJC_ROOT_CLASS = YES_ERROR;
				CLANG_WARN_RANGE_LOOP_ANALYSIS = YES;
				CLANG_WARN_STRICT_PROTOTYPES = YES;
				CLANG_WARN_SUSPICIOUS_MOVE = YES;
				CLANG_WARN_UNGUARDED_AVAILABILITY = YES_AGGRESSIVE;
				CLANG_WARN_UNREACHABLE_CODE = YES;
				CLANG_WARN__DUPLICATE_METHOD_MATCH = YES;
				CODE_SIGN_IDENTITY = "iPhone Developer";
				COPY_PHASE_STRIP = NO;
				DEBUG_INFORMATION_FORMAT = "dwarf-with-dsym";
				ENABLE_NS_ASSERTIONS = NO;
				ENABLE_STRICT_OBJC_MSGSEND = YES;
				GCC_C_LANGUAGE_STANDARD = gnu11;
				GCC_NO_COMMON_BLOCKS = YES;
				GCC_WARN_64_TO_32_BIT_CONVERSION = YES;
				GCC_WARN_ABOUT_RETURN_TYPE = YES_ERROR;
				GCC_WARN_UNDECLARED_SELECTOR = YES;
				GCC_WARN_UNINITIALIZED_AUTOS = YES_AGGRESSIVE;
				GCC_WARN_UNUSED_FUNCTION = YES;
				GCC_WARN_UNUSED_VARIABLE = YES;
				IPHONEOS_DEPLOYMENT_TARGET = 11.2;
				MTL_ENABLE_DEBUG_INFO = NO;
				SDKROOT = iphoneos;
				SWIFT_OPTIMIZATION_LEVEL = "-Owholemodule";
				VALIDATE_PRODUCT = YES;
			};
			name = Release;
		};
		ED3452B02021682300A04BCB /* Debug */ = {
			isa = XCBuildConfiguration;
			baseConfigurationReference = 08DD35B45865F8424205115A /* Pods-ChanelDemo.debug.xcconfig */;
			buildSettings = {
				ASSETCATALOG_COMPILER_APPICON_NAME = AppIcon;
				CODE_SIGN_STYLE = Automatic;
				DEVELOPMENT_TEAM = 45NCV9F7PJ;
				INFOPLIST_FILE = ChanelDemo/Info.plist;
				IPHONEOS_DEPLOYMENT_TARGET = 10.0;
				LD_RUNPATH_SEARCH_PATHS = "$(inherited) @executable_path/Frameworks";
				PRODUCT_BUNDLE_IDENTIFIER = com.eLab.ChanelDemo;
				PRODUCT_NAME = "$(TARGET_NAME)";
				SWIFT_VERSION = 4.0;
				TARGETED_DEVICE_FAMILY = "1,2";
			};
			name = Debug;
		};
		ED3452B12021682300A04BCB /* Release */ = {
			isa = XCBuildConfiguration;
			baseConfigurationReference = 50F506CB31205B196C9FD436 /* Pods-ChanelDemo.release.xcconfig */;
			buildSettings = {
				ASSETCATALOG_COMPILER_APPICON_NAME = AppIcon;
				CODE_SIGN_STYLE = Automatic;
				DEVELOPMENT_TEAM = 45NCV9F7PJ;
				INFOPLIST_FILE = ChanelDemo/Info.plist;
				IPHONEOS_DEPLOYMENT_TARGET = 10.0;
				LD_RUNPATH_SEARCH_PATHS = "$(inherited) @executable_path/Frameworks";
				PRODUCT_BUNDLE_IDENTIFIER = com.eLab.ChanelDemo;
				PRODUCT_NAME = "$(TARGET_NAME)";
				SWIFT_VERSION = 4.0;
				TARGETED_DEVICE_FAMILY = "1,2";
			};
			name = Release;
		};
/* End XCBuildConfiguration section */

/* Begin XCConfigurationList section */
		ED3452982021682300A04BCB /* Build configuration list for PBXProject "ChanelDemo" */ = {
			isa = XCConfigurationList;
			buildConfigurations = (
				ED3452AD2021682300A04BCB /* Debug */,
				ED3452AE2021682300A04BCB /* Release */,
			);
			defaultConfigurationIsVisible = 0;
			defaultConfigurationName = Release;
		};
		ED3452AF2021682300A04BCB /* Build configuration list for PBXNativeTarget "ChanelDemo" */ = {
			isa = XCConfigurationList;
			buildConfigurations = (
				ED3452B02021682300A04BCB /* Debug */,
				ED3452B12021682300A04BCB /* Release */,
			);
			defaultConfigurationIsVisible = 0;
			defaultConfigurationName = Release;
		};
/* End XCConfigurationList section */
	};
	rootObject = ED3452952021682300A04BCB /* Project object */;
}
